{
  "object": {
    "pins": [
      {
        "package": "Clibgit",
        "repositoryURL": "git@github.com:stonehouse/Clibgit.git",
        "state": {
          "branch": null,
          "revision": "5cc96d3222624a6b1e23dbaabaadbac284766643",
          "version": "1.0.0"
        }
      },
      {
        "package": "Clibgit2",
        "repositoryURL": "git@github.com:stonehouse/Clibgit2.git",
        "state": {
          "branch": null,
          "revision": "9b0b2aab6e1d4f1d0bfde9397dbf8562add374b7",
          "version": "1.0.0"
        }
      },
      {
        "package": "Result",
        "repositoryURL": "https://github.com/antitypical/Result.git",
        "state": {
          "branch": null,
          "revision": "7477584259bfce2560a19e06ad9f71db441fff11",
          "version": "3.2.4"
        }
      }
    ]
  },
  "version": 1
}
