{
  "object": {
    "pins": [
      {
        "package": "Nimble",
        "repositoryURL": "https://github.com/Quick/Nimble",
        "state": {
          "branch": null,
          "revision": "e9d769113660769a4d9dd3afb855562c0b7ae7b0",
          "version": "7.3.4"
        }
      },
      {
        "package": "Quick",
        "repositoryURL": "https://github.com/Quick/Quick",
        "state": {
          "branch": null,
          "revision": "f2b5a06440ea87eba1a167cab37bf6496646c52e",
          "version": "1.3.4"
        }
      },
      {
        "package": "ZipArchive",
        "repositoryURL": "https://github.com/muizidn/ZipArchive",
        "state": {
          "branch": "master",
          "revision": "403986421556d945ce28b64bfc171e4ff9403a37",
          "version": null
        }
      }
    ]
  },
  "version": 1
}
