// !$*UTF8*$!
{
	archiveVersion = 1;
	classes = {
	};
	objectVersion = 52;
	objects = {

/* Begin PBXBuildFile section */
		1D0AFF642534AC440045D68D /* Status.swift in Sources */ = {isa = PBXBuildFile; fileRef = 1D0AFF632534AC440045D68D /* Status.swift */; };
		1D496A4225372FA800789177 /* git_strarray.swift in Sources */ = {isa = PBXBuildFile; fileRef = 1D496A4125372FA800789177 /* git_strarray.swift */; };
		1D5B38A825228C790019E593 /* Repository+Diff.swift in Sources */ = {isa = PBXBuildFile; fileRef = 1D5B38A725228C790019E593 /* Repository+Diff.swift */; };
		1D6EFB2A252BA5A1000D0BE1 /* Tree.swift in Sources */ = {isa = PBXBuildFile; fileRef = 1D6EFB29252BA5A1000D0BE1 /* Tree.swift */; };
		1D764BD8252CD148008417A7 /* Submodule.swift in Sources */ = {isa = PBXBuildFile; fileRef = 1D764BD7252CD148008417A7 /* Submodule.swift */; };
		1D991AE12518FA7900335255 /* Duo.swift in Sources */ = {isa = PBXBuildFile; fileRef = 1D991AE02518FA7900335255 /* Duo.swift */; };
		1D991AE3251934FF00335255 /* Remote.swift in Sources */ = {isa = PBXBuildFile; fileRef = 1D991AE2251934FF00335255 /* Remote.swift */; };
		1DB0F84E24EFFB2D00637B9B /* Repository+Checkout.swift in Sources */ = {isa = PBXBuildFile; fileRef = 1DB0F84D24EFFB2D00637B9B /* Repository+Checkout.swift */; };
		1DCEA352253FF1460012BF38 /* Array.swift in Sources */ = {isa = PBXBuildFile; fileRef = 1DCEA351253FF1460012BF38 /* Array.swift */; };
		1DCEA37E2542364D0012BF38 /* Result.swift in Sources */ = {isa = PBXBuildFile; fileRef = 1DCEA37D2542364D0012BF38 /* Result.swift */; };
		1DDFC0FB261B4DBD00EBBDE9 /* RevisionWalker.swift in Sources */ = {isa = PBXBuildFile; fileRef = 1DDFC0FA261B4DBD00EBBDE9 /* RevisionWalker.swift */; };
		232861431F4A3A2E00276D65 /* Diff.swift in Sources */ = {isa = PBXBuildFile; fileRef = 232861421F4A3A2E00276D65 /* Diff.swift */; };
		237731C71F46542B0020A3FE /* repository-with-status.zip in Resources */ = {isa = PBXBuildFile; fileRef = 237731C61F46542B0020A3FE /* repository-with-status.zip */; };
		621E66A01C72958800A0F352 /* OID.swift in Sources */ = {isa = PBXBuildFile; fileRef = BE70B3E41A1ACB1A002C3F4E /* OID.swift */; };
		621E66A11C72958800A0F352 /* Remote_OLD.swift in Sources */ = {isa = PBXBuildFile; fileRef = BECB5F6D1A57284700999413 /* Remote_OLD.swift */; };
		621E66A21C72958800A0F352 /* CheckoutStrategy.swift in Sources */ = {isa = PBXBuildFile; fileRef = BE276B281ACCD3CF00D6DAD7 /* CheckoutStrategy.swift */; };
		621E66A31C72958800A0F352 /* RepositoryOLD.swift in Sources */ = {isa = PBXBuildFile; fileRef = BEB31F6C1A0D78F300F525B9 /* RepositoryOLD.swift */; };
		621E66A41C72958800A0F352 /* Objects.swift in Sources */ = {isa = PBXBuildFile; fileRef = BE2E3BE51A31261300C67092 /* Objects.swift */; };
		621E66A51C72958800A0F352 /* References_OLD.swift in Sources */ = {isa = PBXBuildFile; fileRef = BECB5F691A56F19900999413 /* References_OLD.swift */; };
		621E66A61C72958800A0F352 /* Libgit2.swift in Sources */ = {isa = PBXBuildFile; fileRef = BE36354B1A632C9700D37EC8 /* Libgit2.swift */; };
		621E66A71C72958800A0F352 /* Pointers.swift in Sources */ = {isa = PBXBuildFile; fileRef = BE7A753E1A4A2BCC002DA7E3 /* Pointers.swift */; };
		621E66A81C72958800A0F352 /* Errors.swift in Sources */ = {isa = PBXBuildFile; fileRef = DA5914751A94579000AED74C /* Errors.swift */; };
		621E66A91C72958800A0F352 /* SwiftGit2.m in Sources */ = {isa = PBXBuildFile; fileRef = BE14AA4F1A1974010015B439 /* SwiftGit2.m */; };
		621E66B01C72958800A0F352 /* SwiftGit2.h in Headers */ = {isa = PBXBuildFile; fileRef = BEB31F281A0D6F7A00F525B9 /* SwiftGit2.h */; settings = {ATTRIBUTES = (Public, ); }; };
		621E66BA1C72958D00A0F352 /* RepositorySpec.swift in Sources */ = {isa = PBXBuildFile; fileRef = BEB31F351A0D6F7A00F525B9 /* RepositorySpec.swift */; };
		621E66BB1C72958D00A0F352 /* ObjectsSpec.swift in Sources */ = {isa = PBXBuildFile; fileRef = BE2E3BE71A31262800C67092 /* ObjectsSpec.swift */; };
		621E66BC1C72958D00A0F352 /* RemotesSpec.swift in Sources */ = {isa = PBXBuildFile; fileRef = BECB5F6F1A57286200999413 /* RemotesSpec.swift */; };
		621E66BD1C72958D00A0F352 /* FixturesSpec.swift in Sources */ = {isa = PBXBuildFile; fileRef = BE14AA581A1996B70015B439 /* FixturesSpec.swift */; };
		621E66BE1C72958D00A0F352 /* Fixtures.swift in Sources */ = {isa = PBXBuildFile; fileRef = BE14AA541A1984550015B439 /* Fixtures.swift */; };
		621E66BF1C72958D00A0F352 /* ReferencesSpec.swift in Sources */ = {isa = PBXBuildFile; fileRef = BECB5F6B1A56F1B400999413 /* ReferencesSpec.swift */; };
		621E66C01C72958D00A0F352 /* OIDSpec.swift in Sources */ = {isa = PBXBuildFile; fileRef = BE70B3E61A1ACB37002C3F4E /* OIDSpec.swift */; };
		621E66C21C72958D00A0F352 /* ZipArchive.framework in Frameworks */ = {isa = PBXBuildFile; fileRef = 62E6FD8E1C727E9C00A312B0 /* ZipArchive.framework */; };
		621E66C41C72958D00A0F352 /* Nimble.framework in Frameworks */ = {isa = PBXBuildFile; fileRef = DA50239F1A969F1A004175D7 /* Nimble.framework */; };
		621E66C51C72958D00A0F352 /* Quick.framework in Frameworks */ = {isa = PBXBuildFile; fileRef = DAC8143C1A99749D0063D88C /* Quick.framework */; };
		621E66C81C72958D00A0F352 /* detached-head.zip in Resources */ = {isa = PBXBuildFile; fileRef = BE0B1C5C1A9978890004726D /* detached-head.zip */; };
		621E66C91C72958D00A0F352 /* Mantle.zip in Resources */ = {isa = PBXBuildFile; fileRef = BE0991F61A578FB1007D4E6A /* Mantle.zip */; };
		621E66CA1C72958D00A0F352 /* simple-repository.zip in Resources */ = {isa = PBXBuildFile; fileRef = BE14AA561A198C6E0015B439 /* simple-repository.zip */; };
		621E66E61C729D9600A0F352 /* SwiftGit2.framework in Frameworks */ = {isa = PBXBuildFile; fileRef = 621E66B41C72958800A0F352 /* SwiftGit2.framework */; };
		621E66FE1C72A5FF00A0F352 /* libiconv.tbd in Frameworks */ = {isa = PBXBuildFile; fileRef = 621E66FD1C72A5FF00A0F352 /* libiconv.tbd */; };
		621E67001C72A60B00A0F352 /* libz.tbd in Frameworks */ = {isa = PBXBuildFile; fileRef = 621E66FF1C72A60B00A0F352 /* libz.tbd */; };
		622726341C84E52500C53D17 /* Credentials_OLD.swift in Sources */ = {isa = PBXBuildFile; fileRef = 622726331C84E52500C53D17 /* Credentials_OLD.swift */; };
		622726351C84E52500C53D17 /* Credentials_OLD.swift in Sources */ = {isa = PBXBuildFile; fileRef = 622726331C84E52500C53D17 /* Credentials_OLD.swift */; };
		62E6FD8F1C727E9C00A312B0 /* ZipArchive.framework in Frameworks */ = {isa = PBXBuildFile; fileRef = 62E6FD8E1C727E9C00A312B0 /* ZipArchive.framework */; };
		8F9A51F2209596A40037C3A6 /* repository-with-status.zip in Resources */ = {isa = PBXBuildFile; fileRef = 237731C61F46542B0020A3FE /* repository-with-status.zip */; };
		AA66039F23FAD9F60093E7AF /* Repository_OLD+Apply.swift in Sources */ = {isa = PBXBuildFile; fileRef = AA66039E23FAD9F60093E7AF /* Repository_OLD+Apply.swift */; };
		AA89482F23F1671A0074288B /* Buffer.swift in Sources */ = {isa = PBXBuildFile; fileRef = AA89482E23F1671A0074288B /* Buffer.swift */; };
		BE0991F71A578FB1007D4E6A /* Mantle.zip in Resources */ = {isa = PBXBuildFile; fileRef = BE0991F61A578FB1007D4E6A /* Mantle.zip */; };
		BE0B1C5D1A9978890004726D /* detached-head.zip in Resources */ = {isa = PBXBuildFile; fileRef = BE0B1C5C1A9978890004726D /* detached-head.zip */; };
		BE14AA501A1974010015B439 /* SwiftGit2.m in Sources */ = {isa = PBXBuildFile; fileRef = BE14AA4F1A1974010015B439 /* SwiftGit2.m */; };
		BE14AA551A1984550015B439 /* Fixtures.swift in Sources */ = {isa = PBXBuildFile; fileRef = BE14AA541A1984550015B439 /* Fixtures.swift */; };
		BE14AA571A198C6E0015B439 /* simple-repository.zip in Resources */ = {isa = PBXBuildFile; fileRef = BE14AA561A198C6E0015B439 /* simple-repository.zip */; };
		BE14AA591A1996B70015B439 /* FixturesSpec.swift in Sources */ = {isa = PBXBuildFile; fileRef = BE14AA581A1996B70015B439 /* FixturesSpec.swift */; };
		BE276B291ACCD3CF00D6DAD7 /* CheckoutStrategy.swift in Sources */ = {isa = PBXBuildFile; fileRef = BE276B281ACCD3CF00D6DAD7 /* CheckoutStrategy.swift */; };
		BE2E3BE61A31261300C67092 /* Objects.swift in Sources */ = {isa = PBXBuildFile; fileRef = BE2E3BE51A31261300C67092 /* Objects.swift */; };
		BE2E3BE81A31262800C67092 /* ObjectsSpec.swift in Sources */ = {isa = PBXBuildFile; fileRef = BE2E3BE71A31262800C67092 /* ObjectsSpec.swift */; };
		BE36354C1A632C9700D37EC8 /* Libgit2.swift in Sources */ = {isa = PBXBuildFile; fileRef = BE36354B1A632C9700D37EC8 /* Libgit2.swift */; };
		BE70B3E51A1ACB1A002C3F4E /* OID.swift in Sources */ = {isa = PBXBuildFile; fileRef = BE70B3E41A1ACB1A002C3F4E /* OID.swift */; };
		BE70B3E71A1ACB37002C3F4E /* OIDSpec.swift in Sources */ = {isa = PBXBuildFile; fileRef = BE70B3E61A1ACB37002C3F4E /* OIDSpec.swift */; };
		BE7A753F1A4A2BCC002DA7E3 /* Pointers.swift in Sources */ = {isa = PBXBuildFile; fileRef = BE7A753E1A4A2BCC002DA7E3 /* Pointers.swift */; };
		BEB31F291A0D6F7A00F525B9 /* SwiftGit2.h in Headers */ = {isa = PBXBuildFile; fileRef = BEB31F281A0D6F7A00F525B9 /* SwiftGit2.h */; settings = {ATTRIBUTES = (Public, ); }; };
		BEB31F2F1A0D6F7A00F525B9 /* SwiftGit2.framework in Frameworks */ = {isa = PBXBuildFile; fileRef = BEB31F231A0D6F7A00F525B9 /* SwiftGit2.framework */; };
		BEB31F361A0D6F7A00F525B9 /* RepositorySpec.swift in Sources */ = {isa = PBXBuildFile; fileRef = BEB31F351A0D6F7A00F525B9 /* RepositorySpec.swift */; };
		BEB31F6D1A0D78F300F525B9 /* RepositoryOLD.swift in Sources */ = {isa = PBXBuildFile; fileRef = BEB31F6C1A0D78F300F525B9 /* RepositoryOLD.swift */; };
		BEB31F9E1A0E595100F525B9 /* libiconv.dylib in Frameworks */ = {isa = PBXBuildFile; fileRef = BEB31F9D1A0E595100F525B9 /* libiconv.dylib */; };
		BEB31FA01A0E595600F525B9 /* libz.dylib in Frameworks */ = {isa = PBXBuildFile; fileRef = BEB31F9F1A0E595600F525B9 /* libz.dylib */; };
		BECB5F6A1A56F19900999413 /* References_OLD.swift in Sources */ = {isa = PBXBuildFile; fileRef = BECB5F691A56F19900999413 /* References_OLD.swift */; };
		BECB5F6C1A56F1B400999413 /* ReferencesSpec.swift in Sources */ = {isa = PBXBuildFile; fileRef = BECB5F6B1A56F1B400999413 /* ReferencesSpec.swift */; };
		BECB5F6E1A57284700999413 /* Remote_OLD.swift in Sources */ = {isa = PBXBuildFile; fileRef = BECB5F6D1A57284700999413 /* Remote_OLD.swift */; };
		BECB5F701A57286200999413 /* RemotesSpec.swift in Sources */ = {isa = PBXBuildFile; fileRef = BECB5F6F1A57286200999413 /* RemotesSpec.swift */; };
		C98A2BA22263FDB9007A4E3A /* ResultShims.swift in Sources */ = {isa = PBXBuildFile; fileRef = C98A2B9F2263E017007A4E3A /* ResultShims.swift */; };
		C98A2BA32263FDBA007A4E3A /* ResultShims.swift in Sources */ = {isa = PBXBuildFile; fileRef = C98A2B9F2263E017007A4E3A /* ResultShims.swift */; };
		DA5023A01A969F1A004175D7 /* Nimble.framework in Frameworks */ = {isa = PBXBuildFile; fileRef = DA50239F1A969F1A004175D7 /* Nimble.framework */; };
		DA5914761A94579000AED74C /* Errors.swift in Sources */ = {isa = PBXBuildFile; fileRef = DA5914751A94579000AED74C /* Errors.swift */; };
		DAC8143D1A99749D0063D88C /* Quick.framework in Frameworks */ = {isa = PBXBuildFile; fileRef = DAC8143C1A99749D0063D88C /* Quick.framework */; };
		E60E36D2238960B8008A691E /* Diff+Status_OLD.swift in Sources */ = {isa = PBXBuildFile; fileRef = E60E36D1238960B8008A691E /* Diff+Status_OLD.swift */; };
		E60E36D3238960B8008A691E /* Diff+Status_OLD.swift in Sources */ = {isa = PBXBuildFile; fileRef = E60E36D1238960B8008A691E /* Diff+Status_OLD.swift */; };
		E61B443423CE4D670059650A /* Repository_OLD+Submodule_OLD.swift in Sources */ = {isa = PBXBuildFile; fileRef = E61B443323CE4D670059650A /* Repository_OLD+Submodule_OLD.swift */; };
		E623A308263486A500484E11 /* FetchOptions.swift in Sources */ = {isa = PBXBuildFile; fileRef = E623A307263486A500484E11 /* FetchOptions.swift */; };
		E623A3142634883100484E11 /* CloneOptions.swift in Sources */ = {isa = PBXBuildFile; fileRef = E623A3132634883100484E11 /* CloneOptions.swift */; };
		E623A31F2634885800484E11 /* CheckoutOptions.swift in Sources */ = {isa = PBXBuildFile; fileRef = E623A31E2634885800484E11 /* CheckoutOptions.swift */; };
		E623A35A2634D4AE00484E11 /* RemoteCallbacks.swift in Sources */ = {isa = PBXBuildFile; fileRef = E623A3592634D4AE00484E11 /* RemoteCallbacks.swift */; };
		E632D5C0262874990039FF01 /* Essentials in Frameworks */ = {isa = PBXBuildFile; productRef = E632D5BF262874990039FF01 /* Essentials */; };
		E6332B9126496F95004990E7 /* SubmoduleUpdateOptions.swift in Sources */ = {isa = PBXBuildFile; fileRef = E6332B9026496F95004990E7 /* SubmoduleUpdateOptions.swift */; };
		E6332C2B264BEFA1004990E7 /* MergeOptions.swift in Sources */ = {isa = PBXBuildFile; fileRef = E6332C2A264BEFA1004990E7 /* MergeOptions.swift */; };
		E653907A23E7328200C08416 /* Diff+Delta.swift in Sources */ = {isa = PBXBuildFile; fileRef = E653907923E7328200C08416 /* Diff+Delta.swift */; };
		E653907C23E73CDE00C08416 /* Patch.swift in Sources */ = {isa = PBXBuildFile; fileRef = E653907B23E73CDE00C08416 /* Patch.swift */; };
		E65C767A23E6F4FF00FD14BE /* Index_OLD.swift in Sources */ = {isa = PBXBuildFile; fileRef = E65C767923E6F4FF00FD14BE /* Index_OLD.swift */; };
		E67D157224EF24A500DA3542 /* Repository+Status.swift in Sources */ = {isa = PBXBuildFile; fileRef = E67D157124EF24A500DA3542 /* Repository+Status.swift */; };
		E6914C77227A2D6B00F8039C /* RepositoryOLD+Diff.swift in Sources */ = {isa = PBXBuildFile; fileRef = E6914C76227A2D6B00F8039C /* RepositoryOLD+Diff.swift */; };
		E6914C78227A2D6B00F8039C /* RepositoryOLD+Diff.swift in Sources */ = {isa = PBXBuildFile; fileRef = E6914C76227A2D6B00F8039C /* RepositoryOLD+Diff.swift */; };
		E6927B5125897A7600C811A7 /* Credentials.swift in Sources */ = {isa = PBXBuildFile; fileRef = E6927B5025897A7600C811A7 /* Credentials.swift */; };
		E69D5CEE2573AC8E00AEBA28 /* Repository+Submodules.swift in Sources */ = {isa = PBXBuildFile; fileRef = E69D5CED2573AC8E00AEBA28 /* Repository+Submodules.swift */; };
		E69D5CEF2573AC8E00AEBA28 /* Repository+Submodules.swift in Sources */ = {isa = PBXBuildFile; fileRef = E69D5CED2573AC8E00AEBA28 /* Repository+Submodules.swift */; };
		E6AB53BA2575377B00364E5F /* Blob.swift in Sources */ = {isa = PBXBuildFile; fileRef = E6AB53B92575377B00364E5F /* Blob.swift */; };
		E6D4A91824DEA8EC00E8041E /* Instance.swift in Sources */ = {isa = PBXBuildFile; fileRef = E6D4A91724DEA8EC00E8041E /* Instance.swift */; };
		E6D4A91A24DEA93E00E8041E /* Commit.swift in Sources */ = {isa = PBXBuildFile; fileRef = E6D4A91924DEA93E00E8041E /* Commit.swift */; };
		E6D4A91C24DEA9AD00E8041E /* Branch.swift in Sources */ = {isa = PBXBuildFile; fileRef = E6D4A91B24DEA9AD00E8041E /* Branch.swift */; };
		E6D4A91E24DEAA3000E8041E /* Reference.swift in Sources */ = {isa = PBXBuildFile; fileRef = E6D4A91D24DEAA3000E8041E /* Reference.swift */; };
		E6D4A92024DEACC000E8041E /* Repository.swift in Sources */ = {isa = PBXBuildFile; fileRef = E6D4A91F24DEACC000E8041E /* Repository.swift */; };
		E6D4A92224DF1B4300E8041E /* Object.swift in Sources */ = {isa = PBXBuildFile; fileRef = E6D4A92124DF1B4300E8041E /* Object.swift */; };
		E6D4A92424DF40CA00E8041E /* Index.swift in Sources */ = {isa = PBXBuildFile; fileRef = E6D4A92324DF40CA00E8041E /* Index.swift */; };
		E6D4A92824DF55E400E8041E /* Reference+Write.swift in Sources */ = {isa = PBXBuildFile; fileRef = E6D4A92724DF55E400E8041E /* Reference+Write.swift */; };
/* End PBXBuildFile section */

/* Begin PBXContainerItemProxy section */
		621E66E41C729D8A00A0F352 /* PBXContainerItemProxy */ = {
			isa = PBXContainerItemProxy;
			containerPortal = BEB31F1A1A0D6F7A00F525B9 /* Project object */;
			proxyType = 1;
			remoteGlobalIDString = 621E66611C72958800A0F352;
			remoteInfo = "SwiftGit2-iOS";
		};
		BEB31F301A0D6F7A00F525B9 /* PBXContainerItemProxy */ = {
			isa = PBXContainerItemProxy;
			containerPortal = BEB31F1A1A0D6F7A00F525B9 /* Project object */;
			proxyType = 1;
			remoteGlobalIDString = BEB31F221A0D6F7A00F525B9;
			remoteInfo = "SwiftGit2-OSX";
		};
/* End PBXContainerItemProxy section */

/* Begin PBXFileReference section */
		1D0AFF632534AC440045D68D /* Status.swift */ = {isa = PBXFileReference; lastKnownFileType = sourcecode.swift; path = Status.swift; sourceTree = "<group>"; };
		1D496A4125372FA800789177 /* git_strarray.swift */ = {isa = PBXFileReference; lastKnownFileType = sourcecode.swift; path = git_strarray.swift; sourceTree = "<group>"; };
		1D5B38A725228C790019E593 /* Repository+Diff.swift */ = {isa = PBXFileReference; lastKnownFileType = sourcecode.swift; path = "Repository+Diff.swift"; sourceTree = "<group>"; };
		1D6EFB29252BA5A1000D0BE1 /* Tree.swift */ = {isa = PBXFileReference; lastKnownFileType = sourcecode.swift; path = Tree.swift; sourceTree = "<group>"; };
		1D764BD7252CD148008417A7 /* Submodule.swift */ = {isa = PBXFileReference; lastKnownFileType = sourcecode.swift; path = Submodule.swift; sourceTree = "<group>"; };
		1D991AE02518FA7900335255 /* Duo.swift */ = {isa = PBXFileReference; lastKnownFileType = sourcecode.swift; path = Duo.swift; sourceTree = "<group>"; };
		1D991AE2251934FF00335255 /* Remote.swift */ = {isa = PBXFileReference; lastKnownFileType = sourcecode.swift; path = Remote.swift; sourceTree = "<group>"; };
		1DB0F84D24EFFB2D00637B9B /* Repository+Checkout.swift */ = {isa = PBXFileReference; fileEncoding = 4; lastKnownFileType = sourcecode.swift; path = "Repository+Checkout.swift"; sourceTree = "<group>"; };
		1DCEA351253FF1460012BF38 /* Array.swift */ = {isa = PBXFileReference; lastKnownFileType = sourcecode.swift; path = Array.swift; sourceTree = "<group>"; };
		1DCEA37D2542364D0012BF38 /* Result.swift */ = {isa = PBXFileReference; lastKnownFileType = sourcecode.swift; path = Result.swift; sourceTree = "<group>"; };
		1DDFC0FA261B4DBD00EBBDE9 /* RevisionWalker.swift */ = {isa = PBXFileReference; lastKnownFileType = sourcecode.swift; path = RevisionWalker.swift; sourceTree = "<group>"; };
		232861421F4A3A2E00276D65 /* Diff.swift */ = {isa = PBXFileReference; fileEncoding = 4; lastKnownFileType = sourcecode.swift; path = Diff.swift; sourceTree = "<group>"; };
		237731C61F46542B0020A3FE /* repository-with-status.zip */ = {isa = PBXFileReference; lastKnownFileType = archive.zip; path = "repository-with-status.zip"; sourceTree = "<group>"; };
		621E66B41C72958800A0F352 /* SwiftGit2.framework */ = {isa = PBXFileReference; explicitFileType = wrapper.framework; includeInIndex = 0; path = SwiftGit2.framework; sourceTree = BUILT_PRODUCTS_DIR; };
		621E66CE1C72958D00A0F352 /* SwiftGit2-iOSTests.xctest */ = {isa = PBXFileReference; explicitFileType = wrapper.cfbundle; includeInIndex = 0; path = "SwiftGit2-iOSTests.xctest"; sourceTree = BUILT_PRODUCTS_DIR; };
		621E66FD1C72A5FF00A0F352 /* libiconv.tbd */ = {isa = PBXFileReference; lastKnownFileType = "sourcecode.text-based-dylib-definition"; name = libiconv.tbd; path = Platforms/iPhoneOS.platform/Developer/SDKs/iPhoneOS9.2.sdk/usr/lib/libiconv.tbd; sourceTree = DEVELOPER_DIR; };
		621E66FF1C72A60B00A0F352 /* libz.tbd */ = {isa = PBXFileReference; lastKnownFileType = "sourcecode.text-based-dylib-definition"; name = libz.tbd; path = Platforms/iPhoneOS.platform/Developer/SDKs/iPhoneOS9.2.sdk/usr/lib/libz.tbd; sourceTree = DEVELOPER_DIR; };
		622726331C84E52500C53D17 /* Credentials_OLD.swift */ = {isa = PBXFileReference; fileEncoding = 4; lastKnownFileType = sourcecode.swift; path = Credentials_OLD.swift; sourceTree = "<group>"; };
		62E6FD8E1C727E9C00A312B0 /* ZipArchive.framework */ = {isa = PBXFileReference; lastKnownFileType = wrapper.framework; name = ZipArchive.framework; path = ../Carthage/Checkouts/ZipArchive/build/Debug/ZipArchive.framework; sourceTree = "<group>"; };
		AA66039E23FAD9F60093E7AF /* Repository_OLD+Apply.swift */ = {isa = PBXFileReference; lastKnownFileType = sourcecode.swift; path = "Repository_OLD+Apply.swift"; sourceTree = "<group>"; };
		AA89482E23F1671A0074288B /* Buffer.swift */ = {isa = PBXFileReference; lastKnownFileType = sourcecode.swift; path = Buffer.swift; sourceTree = "<group>"; };
		BE0991F61A578FB1007D4E6A /* Mantle.zip */ = {isa = PBXFileReference; lastKnownFileType = archive.zip; path = Mantle.zip; sourceTree = "<group>"; };
		BE0B1C5C1A9978890004726D /* detached-head.zip */ = {isa = PBXFileReference; lastKnownFileType = archive.zip; path = "detached-head.zip"; sourceTree = "<group>"; };
		BE14AA4F1A1974010015B439 /* SwiftGit2.m */ = {isa = PBXFileReference; fileEncoding = 4; lastKnownFileType = sourcecode.c.objc; path = SwiftGit2.m; sourceTree = "<group>"; };
		BE14AA541A1984550015B439 /* Fixtures.swift */ = {isa = PBXFileReference; fileEncoding = 4; lastKnownFileType = sourcecode.swift; path = Fixtures.swift; sourceTree = "<group>"; };
		BE14AA561A198C6E0015B439 /* simple-repository.zip */ = {isa = PBXFileReference; lastKnownFileType = archive.zip; path = "simple-repository.zip"; sourceTree = "<group>"; };
		BE14AA581A1996B70015B439 /* FixturesSpec.swift */ = {isa = PBXFileReference; fileEncoding = 4; lastKnownFileType = sourcecode.swift; path = FixturesSpec.swift; sourceTree = "<group>"; };
		BE276B281ACCD3CF00D6DAD7 /* CheckoutStrategy.swift */ = {isa = PBXFileReference; fileEncoding = 4; lastKnownFileType = sourcecode.swift; path = CheckoutStrategy.swift; sourceTree = "<group>"; };
		BE2E3BE51A31261300C67092 /* Objects.swift */ = {isa = PBXFileReference; fileEncoding = 4; lastKnownFileType = sourcecode.swift; path = Objects.swift; sourceTree = "<group>"; };
		BE2E3BE71A31262800C67092 /* ObjectsSpec.swift */ = {isa = PBXFileReference; fileEncoding = 4; lastKnownFileType = sourcecode.swift; path = ObjectsSpec.swift; sourceTree = "<group>"; };
		BE36354B1A632C9700D37EC8 /* Libgit2.swift */ = {isa = PBXFileReference; fileEncoding = 4; lastKnownFileType = sourcecode.swift; path = Libgit2.swift; sourceTree = "<group>"; };
		BE70B3E41A1ACB1A002C3F4E /* OID.swift */ = {isa = PBXFileReference; fileEncoding = 4; lastKnownFileType = sourcecode.swift; path = OID.swift; sourceTree = "<group>"; };
		BE70B3E61A1ACB37002C3F4E /* OIDSpec.swift */ = {isa = PBXFileReference; fileEncoding = 4; lastKnownFileType = sourcecode.swift; path = OIDSpec.swift; sourceTree = "<group>"; };
		BE7A753E1A4A2BCC002DA7E3 /* Pointers.swift */ = {isa = PBXFileReference; fileEncoding = 4; lastKnownFileType = sourcecode.swift; path = Pointers.swift; sourceTree = "<group>"; };
		BEB31F231A0D6F7A00F525B9 /* SwiftGit2.framework */ = {isa = PBXFileReference; explicitFileType = wrapper.framework; includeInIndex = 0; path = SwiftGit2.framework; sourceTree = BUILT_PRODUCTS_DIR; };
		BEB31F271A0D6F7A00F525B9 /* Info.plist */ = {isa = PBXFileReference; lastKnownFileType = text.plist.xml; path = Info.plist; sourceTree = "<group>"; };
		BEB31F281A0D6F7A00F525B9 /* SwiftGit2.h */ = {isa = PBXFileReference; lastKnownFileType = sourcecode.c.h; path = SwiftGit2.h; sourceTree = "<group>"; };
		BEB31F2E1A0D6F7A00F525B9 /* SwiftGit2-OSXTests.xctest */ = {isa = PBXFileReference; explicitFileType = wrapper.cfbundle; includeInIndex = 0; path = "SwiftGit2-OSXTests.xctest"; sourceTree = BUILT_PRODUCTS_DIR; };
		BEB31F341A0D6F7A00F525B9 /* Info.plist */ = {isa = PBXFileReference; lastKnownFileType = text.plist.xml; path = Info.plist; sourceTree = "<group>"; };
		BEB31F351A0D6F7A00F525B9 /* RepositorySpec.swift */ = {isa = PBXFileReference; lastKnownFileType = sourcecode.swift; path = RepositorySpec.swift; sourceTree = "<group>"; };
		BEB31F431A0D75EE00F525B9 /* Common.xcconfig */ = {isa = PBXFileReference; fileEncoding = 4; lastKnownFileType = text.xcconfig; path = Common.xcconfig; sourceTree = "<group>"; };
		BEB31F451A0D75EE00F525B9 /* Debug.xcconfig */ = {isa = PBXFileReference; fileEncoding = 4; lastKnownFileType = text.xcconfig; path = Debug.xcconfig; sourceTree = "<group>"; };
		BEB31F461A0D75EE00F525B9 /* Profile.xcconfig */ = {isa = PBXFileReference; fileEncoding = 4; lastKnownFileType = text.xcconfig; path = Profile.xcconfig; sourceTree = "<group>"; };
		BEB31F471A0D75EE00F525B9 /* Release.xcconfig */ = {isa = PBXFileReference; fileEncoding = 4; lastKnownFileType = text.xcconfig; path = Release.xcconfig; sourceTree = "<group>"; };
		BEB31F481A0D75EE00F525B9 /* Test.xcconfig */ = {isa = PBXFileReference; fileEncoding = 4; lastKnownFileType = text.xcconfig; path = Test.xcconfig; sourceTree = "<group>"; };
		BEB31F4A1A0D75EE00F525B9 /* Application.xcconfig */ = {isa = PBXFileReference; fileEncoding = 4; lastKnownFileType = text.xcconfig; path = Application.xcconfig; sourceTree = "<group>"; };
		BEB31F4B1A0D75EE00F525B9 /* Framework.xcconfig */ = {isa = PBXFileReference; fileEncoding = 4; lastKnownFileType = text.xcconfig; path = Framework.xcconfig; sourceTree = "<group>"; };
		BEB31F4C1A0D75EE00F525B9 /* StaticLibrary.xcconfig */ = {isa = PBXFileReference; fileEncoding = 4; lastKnownFileType = text.xcconfig; path = StaticLibrary.xcconfig; sourceTree = "<group>"; };
		BEB31F4E1A0D75EE00F525B9 /* iOS-Application.xcconfig */ = {isa = PBXFileReference; fileEncoding = 4; lastKnownFileType = text.xcconfig; path = "iOS-Application.xcconfig"; sourceTree = "<group>"; };
		BEB31F4F1A0D75EE00F525B9 /* iOS-Base.xcconfig */ = {isa = PBXFileReference; fileEncoding = 4; lastKnownFileType = text.xcconfig; path = "iOS-Base.xcconfig"; sourceTree = "<group>"; };
		BEB31F501A0D75EE00F525B9 /* iOS-Framework.xcconfig */ = {isa = PBXFileReference; fileEncoding = 4; lastKnownFileType = text.xcconfig; path = "iOS-Framework.xcconfig"; sourceTree = "<group>"; };
		BEB31F511A0D75EE00F525B9 /* iOS-StaticLibrary.xcconfig */ = {isa = PBXFileReference; fileEncoding = 4; lastKnownFileType = text.xcconfig; path = "iOS-StaticLibrary.xcconfig"; sourceTree = "<group>"; };
		BEB31F531A0D75EE00F525B9 /* macOS-Application.xcconfig */ = {isa = PBXFileReference; fileEncoding = 4; lastKnownFileType = text.xcconfig; path = "macOS-Application.xcconfig"; sourceTree = "<group>"; };
		BEB31F541A0D75EE00F525B9 /* macOS-Base.xcconfig */ = {isa = PBXFileReference; fileEncoding = 4; lastKnownFileType = text.xcconfig; path = "macOS-Base.xcconfig"; sourceTree = "<group>"; };
		BEB31F551A0D75EE00F525B9 /* macOS-DynamicLibrary.xcconfig */ = {isa = PBXFileReference; fileEncoding = 4; lastKnownFileType = text.xcconfig; path = "macOS-DynamicLibrary.xcconfig"; sourceTree = "<group>"; };
		BEB31F561A0D75EE00F525B9 /* macOS-Framework.xcconfig */ = {isa = PBXFileReference; fileEncoding = 4; lastKnownFileType = text.xcconfig; path = "macOS-Framework.xcconfig"; sourceTree = "<group>"; };
		BEB31F571A0D75EE00F525B9 /* macOS-StaticLibrary.xcconfig */ = {isa = PBXFileReference; fileEncoding = 4; lastKnownFileType = text.xcconfig; path = "macOS-StaticLibrary.xcconfig"; sourceTree = "<group>"; };
		BEB31F581A0D75EE00F525B9 /* README.md */ = {isa = PBXFileReference; fileEncoding = 4; lastKnownFileType = net.daringfireball.markdown; path = README.md; sourceTree = "<group>"; };
		BEB31F6C1A0D78F300F525B9 /* RepositoryOLD.swift */ = {isa = PBXFileReference; fileEncoding = 4; lastKnownFileType = sourcecode.swift; path = RepositoryOLD.swift; sourceTree = "<group>"; };
		BEB31F9D1A0E595100F525B9 /* libiconv.dylib */ = {isa = PBXFileReference; lastKnownFileType = "compiled.mach-o.dylib"; name = libiconv.dylib; path = usr/lib/libiconv.dylib; sourceTree = SDKROOT; };
		BEB31F9F1A0E595600F525B9 /* libz.dylib */ = {isa = PBXFileReference; lastKnownFileType = "compiled.mach-o.dylib"; name = libz.dylib; path = usr/lib/libz.dylib; sourceTree = SDKROOT; };
		BECB5F691A56F19900999413 /* References_OLD.swift */ = {isa = PBXFileReference; fileEncoding = 4; lastKnownFileType = sourcecode.swift; path = References_OLD.swift; sourceTree = "<group>"; };
		BECB5F6B1A56F1B400999413 /* ReferencesSpec.swift */ = {isa = PBXFileReference; fileEncoding = 4; lastKnownFileType = sourcecode.swift; path = ReferencesSpec.swift; sourceTree = "<group>"; };
		BECB5F6D1A57284700999413 /* Remote_OLD.swift */ = {isa = PBXFileReference; fileEncoding = 4; lastKnownFileType = sourcecode.swift; path = Remote_OLD.swift; sourceTree = "<group>"; };
		BECB5F6F1A57286200999413 /* RemotesSpec.swift */ = {isa = PBXFileReference; fileEncoding = 4; lastKnownFileType = sourcecode.swift; path = RemotesSpec.swift; sourceTree = "<group>"; };
		C98A2B9F2263E017007A4E3A /* ResultShims.swift */ = {isa = PBXFileReference; lastKnownFileType = sourcecode.swift; path = ResultShims.swift; sourceTree = "<group>"; };
		DA50239F1A969F1A004175D7 /* Nimble.framework */ = {isa = PBXFileReference; lastKnownFileType = wrapper.framework; path = Nimble.framework; sourceTree = BUILT_PRODUCTS_DIR; };
		DA5914751A94579000AED74C /* Errors.swift */ = {isa = PBXFileReference; fileEncoding = 4; lastKnownFileType = sourcecode.swift; path = Errors.swift; sourceTree = "<group>"; };
		DAC8143C1A99749D0063D88C /* Quick.framework */ = {isa = PBXFileReference; lastKnownFileType = wrapper.framework; name = Quick.framework; path = "../../../../Library/Developer/Xcode/DerivedData/SwiftGit2-ezqqkevntxbroughwcioyxqriijk/Build/Products/Debug/Quick.framework"; sourceTree = "<group>"; };
		E60E36D1238960B8008A691E /* Diff+Status_OLD.swift */ = {isa = PBXFileReference; lastKnownFileType = sourcecode.swift; path = "Diff+Status_OLD.swift"; sourceTree = "<group>"; };
		E61B443323CE4D670059650A /* Repository_OLD+Submodule_OLD.swift */ = {isa = PBXFileReference; lastKnownFileType = sourcecode.swift; path = "Repository_OLD+Submodule_OLD.swift"; sourceTree = "<group>"; };
		E623A307263486A500484E11 /* FetchOptions.swift */ = {isa = PBXFileReference; lastKnownFileType = sourcecode.swift; path = FetchOptions.swift; sourceTree = "<group>"; };
		E623A3132634883100484E11 /* CloneOptions.swift */ = {isa = PBXFileReference; lastKnownFileType = sourcecode.swift; path = CloneOptions.swift; sourceTree = "<group>"; };
		E623A31E2634885800484E11 /* CheckoutOptions.swift */ = {isa = PBXFileReference; lastKnownFileType = sourcecode.swift; path = CheckoutOptions.swift; sourceTree = "<group>"; };
		E623A3592634D4AE00484E11 /* RemoteCallbacks.swift */ = {isa = PBXFileReference; lastKnownFileType = sourcecode.swift; path = RemoteCallbacks.swift; sourceTree = "<group>"; };
		E6332B9026496F95004990E7 /* SubmoduleUpdateOptions.swift */ = {isa = PBXFileReference; lastKnownFileType = sourcecode.swift; path = SubmoduleUpdateOptions.swift; sourceTree = "<group>"; };
		E6332C2A264BEFA1004990E7 /* MergeOptions.swift */ = {isa = PBXFileReference; lastKnownFileType = sourcecode.swift; path = MergeOptions.swift; sourceTree = "<group>"; };
		E653907923E7328200C08416 /* Diff+Delta.swift */ = {isa = PBXFileReference; lastKnownFileType = sourcecode.swift; path = "Diff+Delta.swift"; sourceTree = "<group>"; };
		E653907B23E73CDE00C08416 /* Patch.swift */ = {isa = PBXFileReference; lastKnownFileType = sourcecode.swift; path = Patch.swift; sourceTree = "<group>"; };
		E65C767923E6F4FF00FD14BE /* Index_OLD.swift */ = {isa = PBXFileReference; lastKnownFileType = sourcecode.swift; path = Index_OLD.swift; sourceTree = "<group>"; };
		E67D157124EF24A500DA3542 /* Repository+Status.swift */ = {isa = PBXFileReference; lastKnownFileType = sourcecode.swift; path = "Repository+Status.swift"; sourceTree = "<group>"; };
		E6914C76227A2D6B00F8039C /* RepositoryOLD+Diff.swift */ = {isa = PBXFileReference; lastKnownFileType = sourcecode.swift; path = "RepositoryOLD+Diff.swift"; sourceTree = "<group>"; };
		E6927B5025897A7600C811A7 /* Credentials.swift */ = {isa = PBXFileReference; lastKnownFileType = sourcecode.swift; path = Credentials.swift; sourceTree = "<group>"; };
		E69D5CED2573AC8E00AEBA28 /* Repository+Submodules.swift */ = {isa = PBXFileReference; lastKnownFileType = sourcecode.swift; path = "Repository+Submodules.swift"; sourceTree = "<group>"; };
		E6AB53B92575377B00364E5F /* Blob.swift */ = {isa = PBXFileReference; lastKnownFileType = sourcecode.swift; path = Blob.swift; sourceTree = "<group>"; };
		E6D4A91724DEA8EC00E8041E /* Instance.swift */ = {isa = PBXFileReference; lastKnownFileType = sourcecode.swift; path = Instance.swift; sourceTree = "<group>"; };
		E6D4A91924DEA93E00E8041E /* Commit.swift */ = {isa = PBXFileReference; lastKnownFileType = sourcecode.swift; path = Commit.swift; sourceTree = "<group>"; };
		E6D4A91B24DEA9AD00E8041E /* Branch.swift */ = {isa = PBXFileReference; lastKnownFileType = sourcecode.swift; path = Branch.swift; sourceTree = "<group>"; };
		E6D4A91D24DEAA3000E8041E /* Reference.swift */ = {isa = PBXFileReference; lastKnownFileType = sourcecode.swift; path = Reference.swift; sourceTree = "<group>"; };
		E6D4A91F24DEACC000E8041E /* Repository.swift */ = {isa = PBXFileReference; lastKnownFileType = sourcecode.swift; path = Repository.swift; sourceTree = "<group>"; };
		E6D4A92124DF1B4300E8041E /* Object.swift */ = {isa = PBXFileReference; lastKnownFileType = sourcecode.swift; path = Object.swift; sourceTree = "<group>"; };
		E6D4A92324DF40CA00E8041E /* Index.swift */ = {isa = PBXFileReference; lastKnownFileType = sourcecode.swift; path = Index.swift; sourceTree = "<group>"; };
		E6D4A92724DF55E400E8041E /* Reference+Write.swift */ = {isa = PBXFileReference; lastKnownFileType = sourcecode.swift; path = "Reference+Write.swift"; sourceTree = "<group>"; };
/* End PBXFileReference section */

/* Begin PBXFrameworksBuildPhase section */
		621E66AA1C72958800A0F352 /* Frameworks */ = {
			isa = PBXFrameworksBuildPhase;
			buildActionMask = 2147483647;
			files = (
				621E67001C72A60B00A0F352 /* libz.tbd in Frameworks */,
				621E66FE1C72A5FF00A0F352 /* libiconv.tbd in Frameworks */,
			);
			runOnlyForDeploymentPostprocessing = 0;
		};
		621E66C11C72958D00A0F352 /* Frameworks */ = {
			isa = PBXFrameworksBuildPhase;
			buildActionMask = 2147483647;
			files = (
				621E66E61C729D9600A0F352 /* SwiftGit2.framework in Frameworks */,
				621E66C21C72958D00A0F352 /* ZipArchive.framework in Frameworks */,
				621E66C41C72958D00A0F352 /* Nimble.framework in Frameworks */,
				621E66C51C72958D00A0F352 /* Quick.framework in Frameworks */,
			);
			runOnlyForDeploymentPostprocessing = 0;
		};
		BEB31F1F1A0D6F7A00F525B9 /* Frameworks */ = {
			isa = PBXFrameworksBuildPhase;
			buildActionMask = 2147483647;
			files = (
				E632D5C0262874990039FF01 /* Essentials in Frameworks */,
				BEB31FA01A0E595600F525B9 /* libz.dylib in Frameworks */,
				BEB31F9E1A0E595100F525B9 /* libiconv.dylib in Frameworks */,
			);
			runOnlyForDeploymentPostprocessing = 0;
		};
		BEB31F2B1A0D6F7A00F525B9 /* Frameworks */ = {
			isa = PBXFrameworksBuildPhase;
			buildActionMask = 2147483647;
			files = (
				62E6FD8F1C727E9C00A312B0 /* ZipArchive.framework in Frameworks */,
				DA5023A01A969F1A004175D7 /* Nimble.framework in Frameworks */,
				DAC8143D1A99749D0063D88C /* Quick.framework in Frameworks */,
				BEB31F2F1A0D6F7A00F525B9 /* SwiftGit2.framework in Frameworks */,
			);
			runOnlyForDeploymentPostprocessing = 0;
		};
/* End PBXFrameworksBuildPhase section */

/* Begin PBXGroup section */
		1DB0F84F24EFFD7B00637B9B /* Repository */ = {
			isa = PBXGroup;
			children = (
				E6D4A91F24DEACC000E8041E /* Repository.swift */,
				E67D157124EF24A500DA3542 /* Repository+Status.swift */,
				E69D5CED2573AC8E00AEBA28 /* Repository+Submodules.swift */,
				1DB0F84D24EFFB2D00637B9B /* Repository+Checkout.swift */,
				1D5B38A725228C790019E593 /* Repository+Diff.swift */,
			);
			path = Repository;
			sourceTree = "<group>";
		};
		1DCEA350253FF1350012BF38 /* Ext */ = {
			isa = PBXGroup;
			children = (
				1DCEA351253FF1460012BF38 /* Array.swift */,
				1DCEA37D2542364D0012BF38 /* Result.swift */,
			);
			path = Ext;
			sourceTree = "<group>";
		};
		621E66D41C72965C00A0F352 /* Mac */ = {
			isa = PBXGroup;
			children = (
				BEB31F9D1A0E595100F525B9 /* libiconv.dylib */,
				BEB31F9F1A0E595600F525B9 /* libz.dylib */,
			);
			name = Mac;
			sourceTree = "<group>";
		};
		621E66D51C72966000A0F352 /* iOS */ = {
			isa = PBXGroup;
			children = (
				621E66FD1C72A5FF00A0F352 /* libiconv.tbd */,
				621E66FF1C72A60B00A0F352 /* libz.tbd */,
			);
			name = iOS;
			sourceTree = "<group>";
		};
		BE14AA531A1983520015B439 /* Fixtures */ = {
			isa = PBXGroup;
			children = (
				237731C61F46542B0020A3FE /* repository-with-status.zip */,
				BE0B1C5C1A9978890004726D /* detached-head.zip */,
				BE14AA541A1984550015B439 /* Fixtures.swift */,
				BE0991F61A578FB1007D4E6A /* Mantle.zip */,
				BE14AA561A198C6E0015B439 /* simple-repository.zip */,
			);
			path = Fixtures;
			sourceTree = "<group>";
		};
		BEB31F191A0D6F7A00F525B9 = {
			isa = PBXGroup;
			children = (
				BEB31F251A0D6F7A00F525B9 /* SwiftGit2 */,
				BEB31F261A0D6F7A00F525B9 /* Supporting Files */,
				BEB31F321A0D6F7A00F525B9 /* SwiftGit2Tests */,
				BEB31FA11A0E63C100F525B9 /* Libraries */,
				BEB31F411A0D75EE00F525B9 /* Configuration */,
				BEB31F241A0D6F7A00F525B9 /* Products */,
			);
			sourceTree = "<group>";
			usesTabs = 1;
		};
		BEB31F241A0D6F7A00F525B9 /* Products */ = {
			isa = PBXGroup;
			children = (
				BEB31F231A0D6F7A00F525B9 /* SwiftGit2.framework */,
				BEB31F2E1A0D6F7A00F525B9 /* SwiftGit2-OSXTests.xctest */,
				621E66B41C72958800A0F352 /* SwiftGit2.framework */,
				621E66CE1C72958D00A0F352 /* SwiftGit2-iOSTests.xctest */,
			);
			name = Products;
			sourceTree = "<group>";
		};
		BEB31F251A0D6F7A00F525B9 /* SwiftGit2 */ = {
			isa = PBXGroup;
			children = (
				E64A9DB124D78BF8005B643E /* Experimental */,
				BEB31F281A0D6F7A00F525B9 /* SwiftGit2.h */,
				BE14AA4F1A1974010015B439 /* SwiftGit2.m */,
				BE276B281ACCD3CF00D6DAD7 /* CheckoutStrategy.swift */,
				622726331C84E52500C53D17 /* Credentials_OLD.swift */,
				DA5914751A94579000AED74C /* Errors.swift */,
				BE36354B1A632C9700D37EC8 /* Libgit2.swift */,
				BE2E3BE51A31261300C67092 /* Objects.swift */,
				E60E36D1238960B8008A691E /* Diff+Status_OLD.swift */,
				BE70B3E41A1ACB1A002C3F4E /* OID.swift */,
				BE7A753E1A4A2BCC002DA7E3 /* Pointers.swift */,
				BEB31F6C1A0D78F300F525B9 /* RepositoryOLD.swift */,
				E6914C76227A2D6B00F8039C /* RepositoryOLD+Diff.swift */,
				E61B443323CE4D670059650A /* Repository_OLD+Submodule_OLD.swift */,
				AA66039E23FAD9F60093E7AF /* Repository_OLD+Apply.swift */,
				BECB5F691A56F19900999413 /* References_OLD.swift */,
				BECB5F6D1A57284700999413 /* Remote_OLD.swift */,
				E65C767923E6F4FF00FD14BE /* Index_OLD.swift */,
				E653907B23E73CDE00C08416 /* Patch.swift */,
			);
			path = SwiftGit2;
			sourceTree = "<group>";
		};
		BEB31F261A0D6F7A00F525B9 /* Supporting Files */ = {
			isa = PBXGroup;
			children = (
				BEB31F271A0D6F7A00F525B9 /* Info.plist */,
			);
			name = "Supporting Files";
			path = SwiftGit2;
			sourceTree = "<group>";
		};
		BEB31F321A0D6F7A00F525B9 /* SwiftGit2Tests */ = {
			isa = PBXGroup;
			children = (
				BE14AA531A1983520015B439 /* Fixtures */,
				BE70B3E61A1ACB37002C3F4E /* OIDSpec.swift */,
				BE2E3BE71A31262800C67092 /* ObjectsSpec.swift */,
				BEB31F351A0D6F7A00F525B9 /* RepositorySpec.swift */,
				BECB5F6B1A56F1B400999413 /* ReferencesSpec.swift */,
				BECB5F6F1A57286200999413 /* RemotesSpec.swift */,
				BE14AA581A1996B70015B439 /* FixturesSpec.swift */,
				C98A2B9F2263E017007A4E3A /* ResultShims.swift */,
				BEB31F331A0D6F7A00F525B9 /* Supporting Files */,
			);
			path = SwiftGit2Tests;
			sourceTree = "<group>";
		};
		BEB31F331A0D6F7A00F525B9 /* Supporting Files */ = {
			isa = PBXGroup;
			children = (
				62E6FD8E1C727E9C00A312B0 /* ZipArchive.framework */,
				DA50239F1A969F1A004175D7 /* Nimble.framework */,
				DAC8143C1A99749D0063D88C /* Quick.framework */,
				BEB31F341A0D6F7A00F525B9 /* Info.plist */,
			);
			name = "Supporting Files";
			sourceTree = "<group>";
		};
		BEB31F411A0D75EE00F525B9 /* Configuration */ = {
			isa = PBXGroup;
			children = (
				BEB31F421A0D75EE00F525B9 /* Base */,
				BEB31F4D1A0D75EE00F525B9 /* iOS */,
				BEB31F521A0D75EE00F525B9 /* macOS */,
				BEB31F581A0D75EE00F525B9 /* README.md */,
			);
			name = Configuration;
			path = Carthage/Checkouts/xcconfigs;
			sourceTree = "<group>";
		};
		BEB31F421A0D75EE00F525B9 /* Base */ = {
			isa = PBXGroup;
			children = (
				BEB31F431A0D75EE00F525B9 /* Common.xcconfig */,
				BEB31F441A0D75EE00F525B9 /* Configurations */,
				BEB31F491A0D75EE00F525B9 /* Targets */,
			);
			path = Base;
			sourceTree = "<group>";
		};
		BEB31F441A0D75EE00F525B9 /* Configurations */ = {
			isa = PBXGroup;
			children = (
				BEB31F451A0D75EE00F525B9 /* Debug.xcconfig */,
				BEB31F461A0D75EE00F525B9 /* Profile.xcconfig */,
				BEB31F471A0D75EE00F525B9 /* Release.xcconfig */,
				BEB31F481A0D75EE00F525B9 /* Test.xcconfig */,
			);
			path = Configurations;
			sourceTree = "<group>";
		};
		BEB31F491A0D75EE00F525B9 /* Targets */ = {
			isa = PBXGroup;
			children = (
				BEB31F4A1A0D75EE00F525B9 /* Application.xcconfig */,
				BEB31F4B1A0D75EE00F525B9 /* Framework.xcconfig */,
				BEB31F4C1A0D75EE00F525B9 /* StaticLibrary.xcconfig */,
			);
			path = Targets;
			sourceTree = "<group>";
		};
		BEB31F4D1A0D75EE00F525B9 /* iOS */ = {
			isa = PBXGroup;
			children = (
				BEB31F4E1A0D75EE00F525B9 /* iOS-Application.xcconfig */,
				BEB31F4F1A0D75EE00F525B9 /* iOS-Base.xcconfig */,
				BEB31F501A0D75EE00F525B9 /* iOS-Framework.xcconfig */,
				BEB31F511A0D75EE00F525B9 /* iOS-StaticLibrary.xcconfig */,
			);
			path = iOS;
			sourceTree = "<group>";
		};
		BEB31F521A0D75EE00F525B9 /* macOS */ = {
			isa = PBXGroup;
			children = (
				BEB31F531A0D75EE00F525B9 /* macOS-Application.xcconfig */,
				BEB31F541A0D75EE00F525B9 /* macOS-Base.xcconfig */,
				BEB31F551A0D75EE00F525B9 /* macOS-DynamicLibrary.xcconfig */,
				BEB31F561A0D75EE00F525B9 /* macOS-Framework.xcconfig */,
				BEB31F571A0D75EE00F525B9 /* macOS-StaticLibrary.xcconfig */,
			);
			path = macOS;
			sourceTree = "<group>";
		};
		BEB31FA11A0E63C100F525B9 /* Libraries */ = {
			isa = PBXGroup;
			children = (
				621E66D51C72966000A0F352 /* iOS */,
				621E66D41C72965C00A0F352 /* Mac */,
			);
			name = Libraries;
			sourceTree = "<group>";
		};
		E623A3122634881B00484E11 /* Options */ = {
			isa = PBXGroup;
			children = (
				E623A307263486A500484E11 /* FetchOptions.swift */,
				E623A3132634883100484E11 /* CloneOptions.swift */,
				E623A31E2634885800484E11 /* CheckoutOptions.swift */,
				E623A3592634D4AE00484E11 /* RemoteCallbacks.swift */,
				E6332B9026496F95004990E7 /* SubmoduleUpdateOptions.swift */,
				E6332C2A264BEFA1004990E7 /* MergeOptions.swift */,
			);
			path = Options;
			sourceTree = "<group>";
		};
		E64A9DB124D78BF8005B643E /* Experimental */ = {
			isa = PBXGroup;
			children = (
				1DCEA350253FF1350012BF38 /* Ext */,
				E69D5D102573B21400AEBA28 /* Instance */,
				E6AB53AF2575311600364E5F /* Struct */,
				1D496A4125372FA800789177 /* git_strarray.swift */,
				1D991AE02518FA7900335255 /* Duo.swift */,
				1DDFC0FA261B4DBD00EBBDE9 /* RevisionWalker.swift */,
			);
			path = Experimental;
			sourceTree = "<group>";
		};
		E69D5D102573B21400AEBA28 /* Instance */ = {
			isa = PBXGroup;
			children = (
				E6D4A91724DEA8EC00E8041E /* Instance.swift */,
				E6D4A92624DF43F500E8041E /* Object */,
				E6D4A92524DF43DB00E8041E /* Reference */,
				1DB0F84F24EFFD7B00637B9B /* Repository */,
				E6D4A92324DF40CA00E8041E /* Index.swift */,
			);
			path = Instance;
			sourceTree = "<group>";
		};
		E6AB53AF2575311600364E5F /* Struct */ = {
			isa = PBXGroup;
			children = (
				E623A3122634881B00484E11 /* Options */,
				E6927B5025897A7600C811A7 /* Credentials.swift */,
				1D0AFF632534AC440045D68D /* Status.swift */,
				AA89482E23F1671A0074288B /* Buffer.swift */,
			);
			path = Struct;
			sourceTree = "<group>";
		};
		E6D4A92524DF43DB00E8041E /* Reference */ = {
			isa = PBXGroup;
			children = (
				232861421F4A3A2E00276D65 /* Diff.swift */,
				E653907923E7328200C08416 /* Diff+Delta.swift */,
				E6D4A91D24DEAA3000E8041E /* Reference.swift */,
				E6D4A92724DF55E400E8041E /* Reference+Write.swift */,
				E6D4A91B24DEA9AD00E8041E /* Branch.swift */,
				1D991AE2251934FF00335255 /* Remote.swift */,
				1D764BD7252CD148008417A7 /* Submodule.swift */,
			);
			path = Reference;
			sourceTree = "<group>";
		};
		E6D4A92624DF43F500E8041E /* Object */ = {
			isa = PBXGroup;
			children = (
				E6D4A92124DF1B4300E8041E /* Object.swift */,
				E6D4A91924DEA93E00E8041E /* Commit.swift */,
				1D6EFB29252BA5A1000D0BE1 /* Tree.swift */,
				E6AB53B92575377B00364E5F /* Blob.swift */,
			);
			path = Object;
			sourceTree = "<group>";
		};
/* End PBXGroup section */

/* Begin PBXHeadersBuildPhase section */
		621E66AE1C72958800A0F352 /* Headers */ = {
			isa = PBXHeadersBuildPhase;
			buildActionMask = 2147483647;
			files = (
				621E66B01C72958800A0F352 /* SwiftGit2.h in Headers */,
			);
			runOnlyForDeploymentPostprocessing = 0;
		};
		BEB31F201A0D6F7A00F525B9 /* Headers */ = {
			isa = PBXHeadersBuildPhase;
			buildActionMask = 2147483647;
			files = (
				BEB31F291A0D6F7A00F525B9 /* SwiftGit2.h in Headers */,
			);
			runOnlyForDeploymentPostprocessing = 0;
		};
/* End PBXHeadersBuildPhase section */

/* Begin PBXNativeTarget section */
		621E66611C72958800A0F352 /* SwiftGit2-iOS */ = {
			isa = PBXNativeTarget;
			buildConfigurationList = 621E66B11C72958800A0F352 /* Build configuration list for PBXNativeTarget "SwiftGit2-iOS" */;
			buildPhases = (
				621E669F1C72958800A0F352 /* Sources */,
				621E66AA1C72958800A0F352 /* Frameworks */,
				621E66AE1C72958800A0F352 /* Headers */,
			);
			buildRules = (
			);
			dependencies = (
			);
			name = "SwiftGit2-iOS";
			productName = "SwiftGit2-OSX";
			productReference = 621E66B41C72958800A0F352 /* SwiftGit2.framework */;
			productType = "com.apple.product-type.framework";
		};
		621E66B61C72958D00A0F352 /* SwiftGit2-iOSTests */ = {
			isa = PBXNativeTarget;
			buildConfigurationList = 621E66CB1C72958D00A0F352 /* Build configuration list for PBXNativeTarget "SwiftGit2-iOSTests" */;
			buildPhases = (
				621E66B91C72958D00A0F352 /* Sources */,
				621E66C11C72958D00A0F352 /* Frameworks */,
				621E66C71C72958D00A0F352 /* Resources */,
			);
			buildRules = (
			);
			dependencies = (
				621E66E51C729D8A00A0F352 /* PBXTargetDependency */,
			);
			name = "SwiftGit2-iOSTests";
			productName = "SwiftGit2-OSXTests";
			productReference = 621E66CE1C72958D00A0F352 /* SwiftGit2-iOSTests.xctest */;
			productType = "com.apple.product-type.bundle.unit-test";
		};
		BEB31F221A0D6F7A00F525B9 /* SwiftGit2-OSX */ = {
			isa = PBXNativeTarget;
			buildConfigurationList = BEB31F391A0D6F7A00F525B9 /* Build configuration list for PBXNativeTarget "SwiftGit2-OSX" */;
			buildPhases = (
				BEB31F1E1A0D6F7A00F525B9 /* Sources */,
				BEB31F1F1A0D6F7A00F525B9 /* Frameworks */,
				BEB31F201A0D6F7A00F525B9 /* Headers */,
			);
			buildRules = (
			);
			dependencies = (
			);
			name = "SwiftGit2-OSX";
			packageProductDependencies = (
				E632D5BF262874990039FF01 /* Essentials */,
			);
			productName = "SwiftGit2-OSX";
			productReference = BEB31F231A0D6F7A00F525B9 /* SwiftGit2.framework */;
			productType = "com.apple.product-type.framework";
		};
		BEB31F2D1A0D6F7A00F525B9 /* SwiftGit2-OSXTests */ = {
			isa = PBXNativeTarget;
			buildConfigurationList = BEB31F3C1A0D6F7A00F525B9 /* Build configuration list for PBXNativeTarget "SwiftGit2-OSXTests" */;
			buildPhases = (
				BEB31F2A1A0D6F7A00F525B9 /* Sources */,
				BEB31F2B1A0D6F7A00F525B9 /* Frameworks */,
				BEB31F2C1A0D6F7A00F525B9 /* Resources */,
			);
			buildRules = (
			);
			dependencies = (
				BEB31F311A0D6F7A00F525B9 /* PBXTargetDependency */,
			);
			name = "SwiftGit2-OSXTests";
			productName = "SwiftGit2-OSXTests";
			productReference = BEB31F2E1A0D6F7A00F525B9 /* SwiftGit2-OSXTests.xctest */;
			productType = "com.apple.product-type.bundle.unit-test";
		};
/* End PBXNativeTarget section */

/* Begin PBXProject section */
		BEB31F1A1A0D6F7A00F525B9 /* Project object */ = {
			isa = PBXProject;
			attributes = {
				LastSwiftUpdateCheck = 0720;
				LastUpgradeCheck = 1010;
				ORGANIZATIONNAME = "GitHub, Inc";
				TargetAttributes = {
					621E66611C72958800A0F352 = {
						LastSwiftMigration = 1020;
					};
					621E66B61C72958D00A0F352 = {
						LastSwiftMigration = 1020;
					};
					BEB31F221A0D6F7A00F525B9 = {
						CreatedOnToolsVersion = 6.1;
						LastSwiftMigration = 1020;
					};
					BEB31F2D1A0D6F7A00F525B9 = {
						CreatedOnToolsVersion = 6.1;
						LastSwiftMigration = 1020;
					};
				};
			};
			buildConfigurationList = BEB31F1D1A0D6F7A00F525B9 /* Build configuration list for PBXProject "SwiftGit2" */;
			compatibilityVersion = "Xcode 3.2";
			developmentRegion = en;
			hasScannedForEncodings = 0;
			knownRegions = (
				en,
				Base,
			);
			mainGroup = BEB31F191A0D6F7A00F525B9;
			packageReferences = (
				E632D5BE262874990039FF01 /* XCRemoteSwiftPackageReference "essentials" */,
			);
			productRefGroup = BEB31F241A0D6F7A00F525B9 /* Products */;
			projectDirPath = "";
			projectRoot = "";
			targets = (
				BEB31F221A0D6F7A00F525B9 /* SwiftGit2-OSX */,
				BEB31F2D1A0D6F7A00F525B9 /* SwiftGit2-OSXTests */,
				621E66611C72958800A0F352 /* SwiftGit2-iOS */,
				621E66B61C72958D00A0F352 /* SwiftGit2-iOSTests */,
			);
		};
/* End PBXProject section */

/* Begin PBXResourcesBuildPhase section */
		621E66C71C72958D00A0F352 /* Resources */ = {
			isa = PBXResourcesBuildPhase;
			buildActionMask = 2147483647;
			files = (
				621E66C81C72958D00A0F352 /* detached-head.zip in Resources */,
				8F9A51F2209596A40037C3A6 /* repository-with-status.zip in Resources */,
				621E66C91C72958D00A0F352 /* Mantle.zip in Resources */,
				621E66CA1C72958D00A0F352 /* simple-repository.zip in Resources */,
			);
			runOnlyForDeploymentPostprocessing = 0;
		};
		BEB31F2C1A0D6F7A00F525B9 /* Resources */ = {
			isa = PBXResourcesBuildPhase;
			buildActionMask = 2147483647;
			files = (
				BE0B1C5D1A9978890004726D /* detached-head.zip in Resources */,
				237731C71F46542B0020A3FE /* repository-with-status.zip in Resources */,
				BE0991F71A578FB1007D4E6A /* Mantle.zip in Resources */,
				BE14AA571A198C6E0015B439 /* simple-repository.zip in Resources */,
			);
			runOnlyForDeploymentPostprocessing = 0;
		};
/* End PBXResourcesBuildPhase section */

/* Begin PBXSourcesBuildPhase section */
		621E669F1C72958800A0F352 /* Sources */ = {
			isa = PBXSourcesBuildPhase;
			buildActionMask = 2147483647;
			files = (
				621E66A01C72958800A0F352 /* OID.swift in Sources */,
				621E66A11C72958800A0F352 /* Remote_OLD.swift in Sources */,
				621E66A21C72958800A0F352 /* CheckoutStrategy.swift in Sources */,
				622726351C84E52500C53D17 /* Credentials_OLD.swift in Sources */,
				E69D5CEF2573AC8E00AEBA28 /* Repository+Submodules.swift in Sources */,
				621E66A31C72958800A0F352 /* RepositoryOLD.swift in Sources */,
				621E66A41C72958800A0F352 /* Objects.swift in Sources */,
				621E66A51C72958800A0F352 /* References_OLD.swift in Sources */,
				621E66A61C72958800A0F352 /* Libgit2.swift in Sources */,
				621E66A71C72958800A0F352 /* Pointers.swift in Sources */,
				E6914C78227A2D6B00F8039C /* RepositoryOLD+Diff.swift in Sources */,
				E60E36D3238960B8008A691E /* Diff+Status_OLD.swift in Sources */,
				621E66A81C72958800A0F352 /* Errors.swift in Sources */,
				621E66A91C72958800A0F352 /* SwiftGit2.m in Sources */,
			);
			runOnlyForDeploymentPostprocessing = 0;
		};
		621E66B91C72958D00A0F352 /* Sources */ = {
			isa = PBXSourcesBuildPhase;
			buildActionMask = 2147483647;
			files = (
				621E66BA1C72958D00A0F352 /* RepositorySpec.swift in Sources */,
				621E66BB1C72958D00A0F352 /* ObjectsSpec.swift in Sources */,
				621E66BC1C72958D00A0F352 /* RemotesSpec.swift in Sources */,
				621E66BD1C72958D00A0F352 /* FixturesSpec.swift in Sources */,
				621E66BE1C72958D00A0F352 /* Fixtures.swift in Sources */,
				621E66BF1C72958D00A0F352 /* ReferencesSpec.swift in Sources */,
				621E66C01C72958D00A0F352 /* OIDSpec.swift in Sources */,
				C98A2BA32263FDBA007A4E3A /* ResultShims.swift in Sources */,
			);
			runOnlyForDeploymentPostprocessing = 0;
		};
		BEB31F1E1A0D6F7A00F525B9 /* Sources */ = {
			isa = PBXSourcesBuildPhase;
			buildActionMask = 2147483647;
			files = (
				1D0AFF642534AC440045D68D /* Status.swift in Sources */,
				1D6EFB2A252BA5A1000D0BE1 /* Tree.swift in Sources */,
				E69D5CEE2573AC8E00AEBA28 /* Repository+Submodules.swift in Sources */,
				1D991AE12518FA7900335255 /* Duo.swift in Sources */,
				1DB0F84E24EFFB2D00637B9B /* Repository+Checkout.swift in Sources */,
				E623A308263486A500484E11 /* FetchOptions.swift in Sources */,
				E623A3142634883100484E11 /* CloneOptions.swift in Sources */,
				E6332C2B264BEFA1004990E7 /* MergeOptions.swift in Sources */,
				E61B443423CE4D670059650A /* Repository_OLD+Submodule_OLD.swift in Sources */,
				E67D157224EF24A500DA3542 /* Repository+Status.swift in Sources */,
				1DCEA37E2542364D0012BF38 /* Result.swift in Sources */,
				BE70B3E51A1ACB1A002C3F4E /* OID.swift in Sources */,
				E6AB53BA2575377B00364E5F /* Blob.swift in Sources */,
				BECB5F6E1A57284700999413 /* Remote_OLD.swift in Sources */,
				BE276B291ACCD3CF00D6DAD7 /* CheckoutStrategy.swift in Sources */,
				1DCEA352253FF1460012BF38 /* Array.swift in Sources */,
				622726341C84E52500C53D17 /* Credentials_OLD.swift in Sources */,
				AA89482F23F1671A0074288B /* Buffer.swift in Sources */,
				1D496A4225372FA800789177 /* git_strarray.swift in Sources */,
				E623A31F2634885800484E11 /* CheckoutOptions.swift in Sources */,
				E6D4A92024DEACC000E8041E /* Repository.swift in Sources */,
				E6927B5125897A7600C811A7 /* Credentials.swift in Sources */,
				1D5B38A825228C790019E593 /* Repository+Diff.swift in Sources */,
				E6D4A91A24DEA93E00E8041E /* Commit.swift in Sources */,
				BEB31F6D1A0D78F300F525B9 /* RepositoryOLD.swift in Sources */,
				1D764BD8252CD148008417A7 /* Submodule.swift in Sources */,
				E623A35A2634D4AE00484E11 /* RemoteCallbacks.swift in Sources */,
				BE2E3BE61A31261300C67092 /* Objects.swift in Sources */,
				AA66039F23FAD9F60093E7AF /* Repository_OLD+Apply.swift in Sources */,
				232861431F4A3A2E00276D65 /* Diff.swift in Sources */,
				BECB5F6A1A56F19900999413 /* References_OLD.swift in Sources */,
				BE36354C1A632C9700D37EC8 /* Libgit2.swift in Sources */,
				E653907C23E73CDE00C08416 /* Patch.swift in Sources */,
				E6D4A91C24DEA9AD00E8041E /* Branch.swift in Sources */,
				E6D4A92424DF40CA00E8041E /* Index.swift in Sources */,
				E6D4A91824DEA8EC00E8041E /* Instance.swift in Sources */,
				BE7A753F1A4A2BCC002DA7E3 /* Pointers.swift in Sources */,
				E6D4A92224DF1B4300E8041E /* Object.swift in Sources */,
				1DDFC0FB261B4DBD00EBBDE9 /* RevisionWalker.swift in Sources */,
				E6332B9126496F95004990E7 /* SubmoduleUpdateOptions.swift in Sources */,
				E653907A23E7328200C08416 /* Diff+Delta.swift in Sources */,
				E6914C77227A2D6B00F8039C /* RepositoryOLD+Diff.swift in Sources */,
				E6D4A91E24DEAA3000E8041E /* Reference.swift in Sources */,
				E60E36D2238960B8008A691E /* Diff+Status_OLD.swift in Sources */,
				DA5914761A94579000AED74C /* Errors.swift in Sources */,
				1D991AE3251934FF00335255 /* Remote.swift in Sources */,
				BE14AA501A1974010015B439 /* SwiftGit2.m in Sources */,
				E65C767A23E6F4FF00FD14BE /* Index_OLD.swift in Sources */,
				E6D4A92824DF55E400E8041E /* Reference+Write.swift in Sources */,
			);
			runOnlyForDeploymentPostprocessing = 0;
		};
		BEB31F2A1A0D6F7A00F525B9 /* Sources */ = {
			isa = PBXSourcesBuildPhase;
			buildActionMask = 2147483647;
			files = (
				BEB31F361A0D6F7A00F525B9 /* RepositorySpec.swift in Sources */,
				BE2E3BE81A31262800C67092 /* ObjectsSpec.swift in Sources */,
				BECB5F701A57286200999413 /* RemotesSpec.swift in Sources */,
				BE14AA591A1996B70015B439 /* FixturesSpec.swift in Sources */,
				BE14AA551A1984550015B439 /* Fixtures.swift in Sources */,
				BECB5F6C1A56F1B400999413 /* ReferencesSpec.swift in Sources */,
				BE70B3E71A1ACB37002C3F4E /* OIDSpec.swift in Sources */,
				C98A2BA22263FDB9007A4E3A /* ResultShims.swift in Sources */,
			);
			runOnlyForDeploymentPostprocessing = 0;
		};
/* End PBXSourcesBuildPhase section */

/* Begin PBXTargetDependency section */
		621E66E51C729D8A00A0F352 /* PBXTargetDependency */ = {
			isa = PBXTargetDependency;
			target = 621E66611C72958800A0F352 /* SwiftGit2-iOS */;
			targetProxy = 621E66E41C729D8A00A0F352 /* PBXContainerItemProxy */;
		};
		BEB31F311A0D6F7A00F525B9 /* PBXTargetDependency */ = {
			isa = PBXTargetDependency;
			target = BEB31F221A0D6F7A00F525B9 /* SwiftGit2-OSX */;
			targetProxy = BEB31F301A0D6F7A00F525B9 /* PBXContainerItemProxy */;
		};
/* End PBXTargetDependency section */

/* Begin XCBuildConfiguration section */
		621E66B21C72958800A0F352 /* Debug */ = {
			isa = XCBuildConfiguration;
			baseConfigurationReference = BEB31F501A0D75EE00F525B9 /* iOS-Framework.xcconfig */;
			buildSettings = {
				HEADER_SEARCH_PATHS = (
					"$(SRCROOT)/External/libgit2/include",
					"$(inherited)",
				);
				INFOPLIST_FILE = SwiftGit2/Info.plist;
				LIBRARY_SEARCH_PATHS = (
					"External/libgit2-ios",
					"External/libssh2-ios/lib",
					"External/ios-openssl/lib",
					"$(inherited)",
				);
				OTHER_LDFLAGS = (
					"-force_load",
					"External/libgit2-ios/libgit2-ios.a",
					"-lgit2-ios",
					"-lssl",
					"-lcrypto",
					"-lssh2-ios",
				);
				PRODUCT_BUNDLE_IDENTIFIER = org.libgit2.SwiftGit2;
				PRODUCT_NAME = SwiftGit2;
				SWIFT_INCLUDE_PATHS = "$(SRCROOT)/libgit2";
			};
			name = Debug;
		};
		621E66B31C72958800A0F352 /* Release */ = {
			isa = XCBuildConfiguration;
			baseConfigurationReference = BEB31F501A0D75EE00F525B9 /* iOS-Framework.xcconfig */;
			buildSettings = {
				HEADER_SEARCH_PATHS = (
					"$(SRCROOT)/External/libgit2/include",
					"$(inherited)",
				);
				INFOPLIST_FILE = SwiftGit2/Info.plist;
				LIBRARY_SEARCH_PATHS = (
					"External/libgit2-ios",
					"External/libssh2-ios/lib",
					"External/ios-openssl/lib",
					"$(inherited)",
				);
				OTHER_LDFLAGS = (
					"-force_load",
					"External/libgit2-ios/libgit2-ios.a",
					"-lgit2-ios",
					"-lssl",
					"-lcrypto",
					"-lssh2-ios",
				);
				PRODUCT_BUNDLE_IDENTIFIER = org.libgit2.SwiftGit2;
				PRODUCT_NAME = SwiftGit2;
				SWIFT_INCLUDE_PATHS = "$(SRCROOT)/libgit2";
			};
			name = Release;
		};
		621E66CC1C72958D00A0F352 /* Debug */ = {
			isa = XCBuildConfiguration;
			baseConfigurationReference = BEB31F4E1A0D75EE00F525B9 /* iOS-Application.xcconfig */;
			buildSettings = {
				INFOPLIST_FILE = SwiftGit2Tests/Info.plist;
				PRODUCT_BUNDLE_IDENTIFIER = "org.libgit2.$(PRODUCT_NAME:rfc1034identifier)";
				PRODUCT_NAME = "$(TARGET_NAME)";
			};
			name = Debug;
		};
		621E66CD1C72958D00A0F352 /* Release */ = {
			isa = XCBuildConfiguration;
			baseConfigurationReference = BEB31F4E1A0D75EE00F525B9 /* iOS-Application.xcconfig */;
			buildSettings = {
				INFOPLIST_FILE = SwiftGit2Tests/Info.plist;
				PRODUCT_BUNDLE_IDENTIFIER = "org.libgit2.$(PRODUCT_NAME:rfc1034identifier)";
				PRODUCT_NAME = "$(TARGET_NAME)";
			};
			name = Release;
		};
		BEB31F371A0D6F7A00F525B9 /* Debug */ = {
			isa = XCBuildConfiguration;
			baseConfigurationReference = BEB31F451A0D75EE00F525B9 /* Debug.xcconfig */;
			buildSettings = {
				GCC_WARN_UNINITIALIZED_AUTOS = YES_AGGRESSIVE;
				INSTALL_GROUP = "";
				INSTALL_MODE_FLAG = "";
				INSTALL_OWNER = "";
				IPHONEOS_DEPLOYMENT_TARGET = 8.0;
				MACOSX_DEPLOYMENT_TARGET = 10.9;
				SWIFT_VERSION = 5.0;
			};
			name = Debug;
		};
		BEB31F381A0D6F7A00F525B9 /* Release */ = {
			isa = XCBuildConfiguration;
			baseConfigurationReference = BEB31F471A0D75EE00F525B9 /* Release.xcconfig */;
			buildSettings = {
				ENABLE_NS_ASSERTIONS = NO;
				GCC_WARN_UNINITIALIZED_AUTOS = YES_AGGRESSIVE;
				INSTALL_GROUP = "";
				INSTALL_MODE_FLAG = "";
				INSTALL_OWNER = "";
				IPHONEOS_DEPLOYMENT_TARGET = 8.0;
				MACOSX_DEPLOYMENT_TARGET = 10.9;
				SWIFT_VERSION = 5.0;
			};
			name = Release;
		};
		BEB31F3A1A0D6F7A00F525B9 /* Debug */ = {
			isa = XCBuildConfiguration;
			baseConfigurationReference = BEB31F561A0D75EE00F525B9 /* macOS-Framework.xcconfig */;
			buildSettings = {
				CLANG_WARN_DOCUMENTATION_COMMENTS = NO;
				HEADER_SEARCH_PATHS = (
					"$(SRCROOT)/External/libgit2/include",
					"$(inherited)",
				);
				INFOPLIST_FILE = SwiftGit2/Info.plist;
				LIBRARY_SEARCH_PATHS = (
					External,
					"$(inherited)",
				);
				MACOSX_DEPLOYMENT_TARGET = 10.10;
				OTHER_LDFLAGS = (
					External/libgit2.a,
					"-force_load",
					External/libgit2.a,
					External/libssh2.a,
					External/libcrypto.a,
					External/libssl.a,
					"-lcurl",
				);
				PRODUCT_BUNDLE_IDENTIFIER = "org.libgit2.$(PRODUCT_NAME:rfc1034identifier)";
				PRODUCT_NAME = SwiftGit2;
				SWIFT_INCLUDE_PATHS = "$(SRCROOT)/libgit2";
				SWIFT_TREAT_WARNINGS_AS_ERRORS = NO;
				VALID_ARCHS = "$(ARCHS_STANDARD)";
			};
			name = Debug;
		};
		BEB31F3B1A0D6F7A00F525B9 /* Release */ = {
			isa = XCBuildConfiguration;
			baseConfigurationReference = BEB31F561A0D75EE00F525B9 /* macOS-Framework.xcconfig */;
			buildSettings = {
				CLANG_WARN_DOCUMENTATION_COMMENTS = NO;
				HEADER_SEARCH_PATHS = (
					"$(SRCROOT)/External/libgit2/include",
					"$(inherited)",
				);
				INFOPLIST_FILE = SwiftGit2/Info.plist;
				LIBRARY_SEARCH_PATHS = (
					External,
					"$(inherited)",
				);
				MACOSX_DEPLOYMENT_TARGET = 10.10;
				OTHER_LDFLAGS = (
					External/libgit2.a,
					"-force_load",
					External/libgit2.a,
					External/libssh2.a,
					External/libcrypto.a,
					External/libssl.a,
					"-lcurl",
				);
				PRODUCT_BUNDLE_IDENTIFIER = "org.libgit2.$(PRODUCT_NAME:rfc1034identifier)";
				PRODUCT_NAME = SwiftGit2;
				SWIFT_INCLUDE_PATHS = "$(SRCROOT)/libgit2";
				SWIFT_TREAT_WARNINGS_AS_ERRORS = NO;
				VALID_ARCHS = "$(ARCHS_STANDARD)";
			};
			name = Release;
		};
		BEB31F3D1A0D6F7A00F525B9 /* Debug */ = {
			isa = XCBuildConfiguration;
			baseConfigurationReference = BEB31F531A0D75EE00F525B9 /* macOS-Application.xcconfig */;
			buildSettings = {
				INFOPLIST_FILE = SwiftGit2Tests/Info.plist;
				MACOSX_DEPLOYMENT_TARGET = 10.10;
				PRODUCT_BUNDLE_IDENTIFIER = "org.libgit2.$(PRODUCT_NAME:rfc1034identifier)";
				PRODUCT_NAME = "$(TARGET_NAME)";
			};
			name = Debug;
		};
		BEB31F3E1A0D6F7A00F525B9 /* Release */ = {
			isa = XCBuildConfiguration;
			baseConfigurationReference = BEB31F531A0D75EE00F525B9 /* macOS-Application.xcconfig */;
			buildSettings = {
				INFOPLIST_FILE = SwiftGit2Tests/Info.plist;
				MACOSX_DEPLOYMENT_TARGET = 10.10;
				PRODUCT_BUNDLE_IDENTIFIER = "org.libgit2.$(PRODUCT_NAME:rfc1034identifier)";
				PRODUCT_NAME = "$(TARGET_NAME)";
			};
			name = Release;
		};
/* End XCBuildConfiguration section */

/* Begin XCConfigurationList section */
		621E66B11C72958800A0F352 /* Build configuration list for PBXNativeTarget "SwiftGit2-iOS" */ = {
			isa = XCConfigurationList;
			buildConfigurations = (
				621E66B21C72958800A0F352 /* Debug */,
				621E66B31C72958800A0F352 /* Release */,
			);
			defaultConfigurationIsVisible = 0;
			defaultConfigurationName = Release;
		};
		621E66CB1C72958D00A0F352 /* Build configuration list for PBXNativeTarget "SwiftGit2-iOSTests" */ = {
			isa = XCConfigurationList;
			buildConfigurations = (
				621E66CC1C72958D00A0F352 /* Debug */,
				621E66CD1C72958D00A0F352 /* Release */,
			);
			defaultConfigurationIsVisible = 0;
			defaultConfigurationName = Release;
		};
		BEB31F1D1A0D6F7A00F525B9 /* Build configuration list for PBXProject "SwiftGit2" */ = {
			isa = XCConfigurationList;
			buildConfigurations = (
				BEB31F371A0D6F7A00F525B9 /* Debug */,
				BEB31F381A0D6F7A00F525B9 /* Release */,
			);
			defaultConfigurationIsVisible = 0;
			defaultConfigurationName = Release;
		};
		BEB31F391A0D6F7A00F525B9 /* Build configuration list for PBXNativeTarget "SwiftGit2-OSX" */ = {
			isa = XCConfigurationList;
			buildConfigurations = (
				BEB31F3A1A0D6F7A00F525B9 /* Debug */,
				BEB31F3B1A0D6F7A00F525B9 /* Release */,
			);
			defaultConfigurationIsVisible = 0;
			defaultConfigurationName = Release;
		};
		BEB31F3C1A0D6F7A00F525B9 /* Build configuration list for PBXNativeTarget "SwiftGit2-OSXTests" */ = {
			isa = XCConfigurationList;
			buildConfigurations = (
				BEB31F3D1A0D6F7A00F525B9 /* Debug */,
				BEB31F3E1A0D6F7A00F525B9 /* Release */,
			);
			defaultConfigurationIsVisible = 0;
			defaultConfigurationName = Release;
		};
/* End XCConfigurationList section */

/* Begin XCRemoteSwiftPackageReference section */
		E632D5BE262874990039FF01 /* XCRemoteSwiftPackageReference "essentials" */ = {
			isa = XCRemoteSwiftPackageReference;
			repositoryURL = "git@gitlab.com:sergiy.vynnychenko/essentials.git";
			requirement = {
				branch = master;
				kind = branch;
			};
		};
/* End XCRemoteSwiftPackageReference section */

/* Begin XCSwiftPackageProductDependency section */
		E632D5BF262874990039FF01 /* Essentials */ = {
			isa = XCSwiftPackageProductDependency;
			package = E632D5BE262874990039FF01 /* XCRemoteSwiftPackageReference "essentials" */;
			productName = Essentials;
		};
/* End XCSwiftPackageProductDependency section */
	};
	rootObject = BEB31F1A1A0D6F7A00F525B9 /* Project object */;
}
